{
  "projects": [
    {
      "projectId": "seaQhLVS4bbjiGvJJrRwyL",
      "version": "15.0.3",
      "dependencies": {},
      "lang": "ts",
      "fileLocks": [
        {
          "assetId": "seaQhLVS4bbjiGvJJrRwyL",
          "type": "projectCss",
          "checksum": "85f7ca190f576c5a2499623973afb625"
        }
      ]
    },
    {
      "projectId": "tYXzbT3akEBS2QTgZkCmo",
      "version": "latest",
      "dependencies": {
        "seaQhLVS4bbjiGvJJrRwyL": "15.0.3"
      },
      "lang": "ts",
      "fileLocks": [
        {
          "type": "globalVariant",
          "assetId": "TkUsxLO-19vUgi",
          "checksum": "ff404be2071a6c00b02b07adaa78c967"
        },
        {
          "type": "renderModule",
          "assetId": "Zk9YReWZ-0Bia",
          "checksum": "da94a6283cf9b09b77a2c863648cc25c"
        },
        {
          "type": "cssRules",
          "assetId": "Zk9YReWZ-0Bia",
          "checksum": "da94a6283cf9b09b77a2c863648cc25c"
        },
        {
          "type": "renderModule",
          "assetId": "44ZR4WMrh4kuH",
          "checksum": "70cdc68a66ae4fc7e0cb485521d78099"
        },
        {
          "type": "cssRules",
          "assetId": "44ZR4WMrh4kuH",
          "checksum": "70cdc68a66ae4fc7e0cb485521d78099"
        },
        {
          "type": "renderModule",
          "assetId": "EdY1MlBpyZAeu",
          "checksum": "33ee8853a56a660b8b0bcee4c1fd36bb"
        },
        {
          "type": "cssRules",
          "assetId": "EdY1MlBpyZAeu",
          "checksum": "33ee8853a56a660b8b0bcee4c1fd36bb"
        },
        {
          "type": "renderModule",
          "assetId": "j0bHHALR-Nq4c",
          "checksum": "1dfb050e80bef08ffdcf1bd4400c3b32"
        },
        {
          "type": "cssRules",
          "assetId": "j0bHHALR-Nq4c",
          "checksum": "1dfb050e80bef08ffdcf1bd4400c3b32"
        },
        {
          "type": "renderModule",
          "assetId": "RqlhVybYf0LbI",
          "checksum": "ba8fa6fbcf691b1f564d1915f4ec67c4"
        },
        {
          "type": "cssRules",
          "assetId": "RqlhVybYf0LbI",
          "checksum": "ba8fa6fbcf691b1f564d1915f4ec67c4"
        },
        {
          "type": "renderModule",
          "assetId": "WfFCgqZ-qzZgh",
          "checksum": "3ec2a2545f701ff3a30214a87ae59520"
        },
        {
          "type": "cssRules",
          "assetId": "WfFCgqZ-qzZgh",
          "checksum": "3ec2a2545f701ff3a30214a87ae59520"
        },
        {
          "type": "renderModule",
          "assetId": "shWxgBNdQl-u-",
          "checksum": "a4e1b002037ce50a27cab3994fa0f92d"
        },
        {
          "type": "cssRules",
          "assetId": "shWxgBNdQl-u-",
          "checksum": "a4e1b002037ce50a27cab3994fa0f92d"
        },
        {
          "type": "renderModule",
          "assetId": "2OD-jdX5WzYi4",
          "checksum": "3f533fb7e6d2dd25fb1214b662744bc4"
        },
        {
          "type": "cssRules",
          "assetId": "2OD-jdX5WzYi4",
          "checksum": "3f533fb7e6d2dd25fb1214b662744bc4"
        },
        {
          "type": "renderModule",
          "assetId": "edaJophVNZs54S",
          "checksum": "83d8381e3a043d9fd336e6670a74c144"
        },
        {
          "type": "cssRules",
          "assetId": "edaJophVNZs54S",
          "checksum": "83d8381e3a043d9fd336e6670a74c144"
        },
        {
          "type": "renderModule",
          "assetId": "r8kO_MTbhPBGsK",
          "checksum": "5e92c15e9e1451a81cb1215f1f9785a5"
        },
        {
          "type": "cssRules",
          "assetId": "r8kO_MTbhPBGsK",
          "checksum": "5e92c15e9e1451a81cb1215f1f9785a5"
        },
        {
          "type": "renderModule",
          "assetId": "GAIxP9X3mGYVUQ",
          "checksum": "d9ca054d6c2ea4616f66f91fcfe8ef1d"
        },
        {
          "type": "cssRules",
          "assetId": "GAIxP9X3mGYVUQ",
          "checksum": "d9ca054d6c2ea4616f66f91fcfe8ef1d"
        },
        {
          "type": "renderModule",
          "assetId": "-RsJZYWYLnzRnX",
          "checksum": "cd23299db7d4d2b1347fe9829276ba40"
        },
        {
          "type": "cssRules",
          "assetId": "-RsJZYWYLnzRnX",
          "checksum": "cd23299db7d4d2b1347fe9829276ba40"
        },
        {
          "type": "renderModule",
          "assetId": "ZwAgV8A2IsygPp",
          "checksum": "c000c9100da510840d424a5ff3469408"
        },
        {
          "type": "cssRules",
          "assetId": "ZwAgV8A2IsygPp",
          "checksum": "c000c9100da510840d424a5ff3469408"
        },
        {
          "type": "renderModule",
          "assetId": "vfS-oqIMzvMglX",
          "checksum": "64e7e8669b200e198f51906db14d9e25"
        },
        {
          "type": "cssRules",
          "assetId": "vfS-oqIMzvMglX",
          "checksum": "64e7e8669b200e198f51906db14d9e25"
        },
        {
          "type": "renderModule",
          "assetId": "lnS-4naOyd6eSQ",
          "checksum": "eaa9aebbd4e4235dee4cf5580a08de9e"
        },
        {
          "type": "cssRules",
          "assetId": "lnS-4naOyd6eSQ",
          "checksum": "eaa9aebbd4e4235dee4cf5580a08de9e"
        },
        {
          "type": "renderModule",
          "assetId": "r9N4HvUtuKxvwd",
          "checksum": "a159bc192013178baf1273053a0d6000"
        },
        {
          "type": "cssRules",
          "assetId": "r9N4HvUtuKxvwd",
          "checksum": "a159bc192013178baf1273053a0d6000"
        },
        {
          "type": "renderModule",
          "assetId": "ZAO9zoXEN12WhY",
          "checksum": "5cf8990cebdcbb30f3b1cabb9cf14fc1"
        },
        {
          "type": "cssRules",
          "assetId": "ZAO9zoXEN12WhY",
          "checksum": "5cf8990cebdcbb30f3b1cabb9cf14fc1"
        },
        {
          "type": "image",
          "assetId": "4yZTJKLUVgVZSz",
          "checksum": "d1362bb199447e6e980f0bb36bcb4534"
        },
        {
          "type": "image",
          "assetId": "pOwUJr9Kz8NNGA",
          "checksum": "973b75b97859b1f7c6336151f16de93f"
        },
        {
          "type": "image",
          "assetId": "_5iwXkpAi_hJWc",
          "checksum": "79cdb1b3b41a082f6fbfe95129c0bb47"
        },
        {
          "type": "image",
          "assetId": "Uag8w7GtOSowmE",
          "checksum": "ee707f4ab8825a0334d63872182dbddb"
        },
        {
          "assetId": "tYXzbT3akEBS2QTgZkCmo",
          "type": "projectCss",
          "checksum": "a9fda2a857196a1753bf7aff3f75b42b"
        },
        {
          "type": "renderModule",
          "assetId": "o8G1dFgSuE",
          "checksum": "b91fefbc5d2c6dd3b146cdb31d012bf8"
        },
        {
          "type": "cssRules",
          "assetId": "o8G1dFgSuE",
          "checksum": "b91fefbc5d2c6dd3b146cdb31d012bf8"
        },
        {
          "type": "icon",
          "assetId": "-mFJulv2FYVf1-",
          "checksum": "731468e2141bb844bed587d17e922df1"
        },
        {
          "type": "icon",
          "assetId": "QpyTxI4moB5Y4c",
          "checksum": "6d4e62200a9815f6245989cbfb3e99db"
        },
        {
          "type": "icon",
          "assetId": "umsYmCTIspFYXy",
          "checksum": "e2a68c5ab1d0615987602287acf7262d"
        },
        {
          "type": "icon",
          "assetId": "GzRlFfxLJPXjEm",
          "checksum": "8da6353b2d2abba3e55aabd5ba40e577"
        },
        {
          "type": "icon",
          "assetId": "F-NzzvlMwPqxdg",
          "checksum": "f18746f8862b07980dea6f293a0dba43"
        },
        {
          "type": "icon",
          "assetId": "uWDJI9sB4DY2IZ",
          "checksum": "e935e8cd724ebccf62a621acaeebe655"
        },
        {
          "type": "icon",
          "assetId": "GqKX-3x1VlHPjB",
          "checksum": "a55131f9670ce99470c191105794f519"
        },
        {
          "type": "icon",
          "assetId": "N7u8HSqsm_U3bU",
          "checksum": "62586db869a30661d76cf813812cbff4"
        },
        {
          "type": "icon",
          "assetId": "i7bmM9XNDGglxW",
          "checksum": "2d4594eb02fc2141b24d4f05bfacfc17"
        },
        {
          "type": "icon",
          "assetId": "GmwhVQ3lXAOnHb",
          "checksum": "15e6a69fb7e0833b73102efdf72fb36a"
        },
        {
          "type": "icon",
          "assetId": "U5S3Fwd4aH6PqD",
          "checksum": "dd1dc37a826a9678f9964fd1c20c019a"
        },
        {
          "type": "icon",
          "assetId": "QHemqD72jf41hJ",
          "checksum": "119a58f354dd4a35a3112d9381301642"
        },
        {
          "type": "icon",
          "assetId": "-HHhDPjctIYROr",
          "checksum": "77634f10c8f3886880a641209bcfcb6f"
        },
        {
          "type": "icon",
          "assetId": "fE11uV_uZhiOU8",
          "checksum": "c4cd1df39a00fa0b4b66f4e3cfe4451a"
        },
        {
          "type": "icon",
          "assetId": "C6WaXsPjsjt2n3",
          "checksum": "ddbdd483426d57b3e0debdcf22ae8545"
        },
        {
          "type": "icon",
          "assetId": "uS3N-8WxkinYcu",
          "checksum": "bab09eb1ade33fb62c16a3427fedfbc3"
        },
        {
          "type": "icon",
          "assetId": "XGIosDyOxH36fj",
          "checksum": "db0b0cedb4939a3d8ed5277970ed2cdd"
        },
        {
          "type": "icon",
          "assetId": "eMGuqBwDKd6g92",
          "checksum": "b82e2f935e3ac3f3b4eef1446681f0c6"
        },
        {
          "type": "icon",
          "assetId": "xKKnxBBzGkDOjJ",
          "checksum": "561de81b5ab844748db9522de570e837"
        },
        {
          "type": "icon",
          "assetId": "gNSPnfzMmTQ5H-",
          "checksum": "f9f461ec98e06e4840a6c61d072a8b57"
        }
      ]
    }
  ],
  "cliVersion": "0.1.158"
}
